
Microsoft Visual Studio Solution File, Format Version 12.00
# Visual Studio 15
VisualStudioVersion = 15.0.28307.572
MinimumVisualStudioVersion = 10.0.40219.1
Project("{FAE04EC0-301F-11D3-BF4B-00C04F79EFBC}") = "SmartWatch", "SmartWatch\SmartWatch.csproj", "{6DDC3B3C-C3E4-4845-8C3F-5D4900004F5A}"
EndProject
Global
	GlobalSection(SolutionConfigurationPlatforms) = preSolution
		Debug|Any CPU = Debug|Any CPU
		Release|Any CPU = Release|Any CPU
	EndGlobalSection
	GlobalSection(ProjectConfigurationPlatforms) = postSolution
		{6DDC3B3C-C3E4-4845-8C3F-5D4900004F5A}.Debug|Any CPU.ActiveCfg = Debug|Any CPU
		{6DDC3B3C-C3E4-4845-8C3F-5D4900004F5A}.Debug|Any CPU.Build.0 = Debug|Any CPU
		{6DDC3B3C-C3E4-4845-8C3F-5D4900004F5A}.Release|Any CPU.ActiveCfg = Release|Any CPU
		{6DDC3B3C-C3E4-4845-8C3F-5D4900004F5A}.Release|Any CPU.Build.0 = Release|Any CPU
	EndGlobalSection
	GlobalSection(SolutionProperties) = preSolution
		HideSolutionNode = FALSE
	EndGlobalSection
	GlobalSection(ExtensibilityGlobals) = postSolution
		SolutionGuid = {9FBD49E5-ABE8-4ACF-B8FD-D8C8D20140E9}
	EndGlobalSection
EndGlobal
