
Microsoft Visual Studio Solution File, Format Version 12.00
# Visual Studio Version 16
VisualStudioVersion = 16.0.29306.81
MinimumVisualStudioVersion = 10.0.40219.1
Project("{9A19103F-16F7-4668-BE54-9A1E7A4F7556}") = "SmartWatch", "SmartWatch\SmartWatch.csproj", "{6DDC3B3C-C3E4-4845-8C3F-5D4900004F5A}"
EndProject
Project("{9A19103F-16F7-4668-BE54-9A1E7A4F7556}") = "Core", "Core\Core.csproj", "{7A52A7C2-82EF-4405-BB7D-7932D62E63D0}"
EndProject
Global
	GlobalSection(SolutionConfigurationPlatforms) = preSolution
		Debug|Any CPU = Debug|Any CPU
		Release|Any CPU = Release|Any CPU
	EndGlobalSection
	GlobalSection(ProjectConfigurationPlatforms) = postSolution
		{6DDC3B3C-C3E4-4845-8C3F-5D4900004F5A}.Debug|Any CPU.ActiveCfg = Debug|Any CPU
		{6DDC3B3C-C3E4-4845-8C3F-5D4900004F5A}.Debug|Any CPU.Build.0 = Debug|Any CPU
		{6DDC3B3C-C3E4-4845-8C3F-5D4900004F5A}.Release|Any CPU.ActiveCfg = Release|Any CPU
		{6DDC3B3C-C3E4-4845-8C3F-5D4900004F5A}.Release|Any CPU.Build.0 = Release|Any CPU
		{7A52A7C2-82EF-4405-BB7D-7932D62E63D0}.Debug|Any CPU.ActiveCfg = Debug|Any CPU
		{7A52A7C2-82EF-4405-BB7D-7932D62E63D0}.Debug|Any CPU.Build.0 = Debug|Any CPU
		{7A52A7C2-82EF-4405-BB7D-7932D62E63D0}.Release|Any CPU.ActiveCfg = Release|Any CPU
		{7A52A7C2-82EF-4405-BB7D-7932D62E63D0}.Release|Any CPU.Build.0 = Release|Any CPU
	EndGlobalSection
	GlobalSection(SolutionProperties) = preSolution
		HideSolutionNode = FALSE
	EndGlobalSection
	GlobalSection(ExtensibilityGlobals) = postSolution
		SolutionGuid = {9FBD49E5-ABE8-4ACF-B8FD-D8C8D20140E9}
	EndGlobalSection
EndGlobal
